// !$*UTF8*$!
{
	archiveVersion = 1;
	classes = {
	};
	objectVersion = 56;
	objects = {

/* Begin PBXBuildFile section */
		4294565F83540FE2725BBBDB /* Pods_SBProject.framework in Frameworks */ = {isa = PBXBuildFile; fileRef = 2A30DED332019FD1DD02B1EB /* Pods_SBProject.framework */; };
		F046982629797BA600AF474E /* UIViewControllerExt.swift in Sources */ = {isa = PBXBuildFile; fileRef = F046982529797BA600AF474E /* UIViewControllerExt.swift */; };
		F0469863297AF6D700AF474E /* Constants.swift in Sources */ = {isa = PBXBuildFile; fileRef = F046984F297AF6D700AF474E /* Constants.swift */; };
		F0469864297AF6D700AF474E /* NetworkProviderProtocol.swift in Sources */ = {isa = PBXBuildFile; fileRef = F0469851297AF6D700AF474E /* NetworkProviderProtocol.swift */; };
		F0469865297AF6D700AF474E /* NetworkSessionProvider.swift in Sources */ = {isa = PBXBuildFile; fileRef = F0469852297AF6D700AF474E /* NetworkSessionProvider.swift */; };
		F0469866297AF6D700AF474E /* RestAuthInterceptor.swift in Sources */ = {isa = PBXBuildFile; fileRef = F0469853297AF6D700AF474E /* RestAuthInterceptor.swift */; };
		F0469867297AF6D700AF474E /* HTTPMethod.swift in Sources */ = {isa = PBXBuildFile; fileRef = F0469855297AF6D700AF474E /* HTTPMethod.swift */; };
		F0469868297AF6D700AF474E /* HTTPHeaders.swift in Sources */ = {isa = PBXBuildFile; fileRef = F0469856297AF6D700AF474E /* HTTPHeaders.swift */; };
		F0469869297AF6D700AF474E /* AuthType.swift in Sources */ = {isa = PBXBuildFile; fileRef = F0469857297AF6D700AF474E /* AuthType.swift */; };
		F046986A297AF6D700AF474E /* URLRequest+.swift in Sources */ = {isa = PBXBuildFile; fileRef = F0469859297AF6D700AF474E /* URLRequest+.swift */; };
		F046986B297AF6D700AF474E /* CharacterSet+.swift in Sources */ = {isa = PBXBuildFile; fileRef = F046985A297AF6D700AF474E /* CharacterSet+.swift */; };
		F046986C297AF6D700AF474E /* NCRESTError.swift in Sources */ = {isa = PBXBuildFile; fileRef = F046985B297AF6D700AF474E /* NCRESTError.swift */; };
		F046986D297AF6D700AF474E /* ParameterEncoding.swift in Sources */ = {isa = PBXBuildFile; fileRef = F046985D297AF6D700AF474E /* ParameterEncoding.swift */; };
		F046986E297AF6D700AF474E /* URLRequestConvertible + URLConvertible.swift in Sources */ = {isa = PBXBuildFile; fileRef = F046985E297AF6D700AF474E /* URLRequestConvertible + URLConvertible.swift */; };
		F046986F297AF6D700AF474E /* RestEndpoint.swift in Sources */ = {isa = PBXBuildFile; fileRef = F046985F297AF6D700AF474E /* RestEndpoint.swift */; };
		F0469870297AF6D700AF474E /* Server.swift in Sources */ = {isa = PBXBuildFile; fileRef = F0469861297AF6D700AF474E /* Server.swift */; };
		F0469871297AF6D700AF474E /* Scheme.swift in Sources */ = {isa = PBXBuildFile; fileRef = F0469862297AF6D700AF474E /* Scheme.swift */; };
		F0469873297AF73000AF474E /* DIContainer.swift in Sources */ = {isa = PBXBuildFile; fileRef = F0469872297AF73000AF474E /* DIContainer.swift */; };
		F04698A4297AF9CC00AF474E /* MainEntitie.swift in Sources */ = {isa = PBXBuildFile; fileRef = F046989E297AF9CB00AF474E /* MainEntitie.swift */; };
		F04698A5297AF9CC00AF474E /* ProductEntitie.swift in Sources */ = {isa = PBXBuildFile; fileRef = F046989F297AF9CC00AF474E /* ProductEntitie.swift */; };
		F04698A6297AF9CC00AF474E /* CountryEntitie.swift in Sources */ = {isa = PBXBuildFile; fileRef = F04698A0297AF9CC00AF474E /* CountryEntitie.swift */; };
		F04698A7297AF9CC00AF474E /* BasketEntitie.swift in Sources */ = {isa = PBXBuildFile; fileRef = F04698A1297AF9CC00AF474E /* BasketEntitie.swift */; };
		F04698A8297AF9CC00AF474E /* SportStadium.swift in Sources */ = {isa = PBXBuildFile; fileRef = F04698A2297AF9CC00AF474E /* SportStadium.swift */; };
		F04698A9297AF9CC00AF474E /* HelperEntitie.swift in Sources */ = {isa = PBXBuildFile; fileRef = F04698A3297AF9CC00AF474E /* HelperEntitie.swift */; };
		F04698AE297AF9ED00AF474E /* GeoPlaces.swift in Sources */ = {isa = PBXBuildFile; fileRef = F04698AA297AF9EC00AF474E /* GeoPlaces.swift */; };
		F04698AF297AF9ED00AF474E /* GeoFilter.swift in Sources */ = {isa = PBXBuildFile; fileRef = F04698AB297AF9EC00AF474E /* GeoFilter.swift */; };
		F04698B0297AF9ED00AF474E /* GeoApiKey.swift in Sources */ = {isa = PBXBuildFile; fileRef = F04698AC297AF9EC00AF474E /* GeoApiKey.swift */; };
		F04698B1297AF9ED00AF474E /* GeoProperties.swift in Sources */ = {isa = PBXBuildFile; fileRef = F04698AD297AF9ED00AF474E /* GeoProperties.swift */; };
		F04698B7297AFA1E00AF474E /* GeoService.swift in Sources */ = {isa = PBXBuildFile; fileRef = F04698B2297AFA1D00AF474E /* GeoService.swift */; };
		F04698B8297AFA1E00AF474E /* CountryService.swift in Sources */ = {isa = PBXBuildFile; fileRef = F04698B3297AFA1D00AF474E /* CountryService.swift */; };
		F04698B9297AFA1E00AF474E /* LocalDataSevrice.swift in Sources */ = {isa = PBXBuildFile; fileRef = F04698B4297AFA1E00AF474E /* LocalDataSevrice.swift */; };
		F04698BA297AFA1E00AF474E /* DeviceLocationService.swift in Sources */ = {isa = PBXBuildFile; fileRef = F04698B5297AFA1E00AF474E /* DeviceLocationService.swift */; };
		F04698BB297AFA1E00AF474E /* HelperService.swift in Sources */ = {isa = PBXBuildFile; fileRef = F04698B6297AFA1E00AF474E /* HelperService.swift */; };
		F04698C0297B019000AF474E /* MockData.swift in Sources */ = {isa = PBXBuildFile; fileRef = F04698BE297B018F00AF474E /* MockData.swift */; };
		F04698C2297B01FD00AF474E /* SecureStorage.swift in Sources */ = {isa = PBXBuildFile; fileRef = F04698C1297B01FD00AF474E /* SecureStorage.swift */; };
		F04698C4297B020A00AF474E /* AppInfoService.swift in Sources */ = {isa = PBXBuildFile; fileRef = F04698C3297B020900AF474E /* AppInfoService.swift */; };
		F05D2C0329760E9B001284E3 /* AppDelegate.swift in Sources */ = {isa = PBXBuildFile; fileRef = F05D2C0229760E9B001284E3 /* AppDelegate.swift */; };
		F05D2C0529760E9B001284E3 /* SceneDelegate.swift in Sources */ = {isa = PBXBuildFile; fileRef = F05D2C0429760E9B001284E3 /* SceneDelegate.swift */; };
		F05D2C0A29760E9B001284E3 /* Main.storyboard in Resources */ = {isa = PBXBuildFile; fileRef = F05D2C0829760E9B001284E3 /* Main.storyboard */; };
		F05D2C0C29760E9D001284E3 /* Assets.xcassets in Resources */ = {isa = PBXBuildFile; fileRef = F05D2C0B29760E9D001284E3 /* Assets.xcassets */; };
		F05D2C0F29760E9D001284E3 /* LaunchScreen.storyboard in Resources */ = {isa = PBXBuildFile; fileRef = F05D2C0D29760E9D001284E3 /* LaunchScreen.storyboard */; };
		F05D2C172976101E001284E3 /* AppCoordinator.swift in Sources */ = {isa = PBXBuildFile; fileRef = F05D2C162976101E001284E3 /* AppCoordinator.swift */; };
		F05D2C2C2976103C001284E3 /* SettingsViewController.swift in Sources */ = {isa = PBXBuildFile; fileRef = F05D2C1A2976103C001284E3 /* SettingsViewController.swift */; };
		F05D2C2D2976103C001284E3 /* WKWebViewController.swift in Sources */ = {isa = PBXBuildFile; fileRef = F05D2C1C2976103C001284E3 /* WKWebViewController.swift */; };
		F05D2C2E2976103C001284E3 /* QuestionViewController.swift in Sources */ = {isa = PBXBuildFile; fileRef = F05D2C1E2976103C001284E3 /* QuestionViewController.swift */; };
		F05D2C2F2976103C001284E3 /* AppLaunchWayViewController.swift in Sources */ = {isa = PBXBuildFile; fileRef = F05D2C202976103C001284E3 /* AppLaunchWayViewController.swift */; };
		F05D2C302976103C001284E3 /* AppLaunchWayViewModel.swift in Sources */ = {isa = PBXBuildFile; fileRef = F05D2C212976103C001284E3 /* AppLaunchWayViewModel.swift */; };
		F05D2C312976103C001284E3 /* FinalViewController.swift in Sources */ = {isa = PBXBuildFile; fileRef = F05D2C232976103C001284E3 /* FinalViewController.swift */; };
		F05D2C322976103C001284E3 /* AskPermisionsVC.swift in Sources */ = {isa = PBXBuildFile; fileRef = F05D2C252976103C001284E3 /* AskPermisionsVC.swift */; };
		F05D2C332976103C001284E3 /* Manager.swift in Sources */ = {isa = PBXBuildFile; fileRef = F05D2C272976103C001284E3 /* Manager.swift */; };
		F05D2C342976103C001284E3 /* MainCollectionViewCell.swift in Sources */ = {isa = PBXBuildFile; fileRef = F05D2C282976103C001284E3 /* MainCollectionViewCell.swift */; };
		F05D2C352976103C001284E3 /* MainViewController.swift in Sources */ = {isa = PBXBuildFile; fileRef = F05D2C292976103C001284E3 /* MainViewController.swift */; };
		F05D2C362976103C001284E3 /* Question.swift in Sources */ = {isa = PBXBuildFile; fileRef = F05D2C2A2976103C001284E3 /* Question.swift */; };
		F05D2C372976103C001284E3 /* MainCoordinator.swift in Sources */ = {isa = PBXBuildFile; fileRef = F05D2C2B2976103C001284E3 /* MainCoordinator.swift */; };
		F05D2C6F2976106A001284E3 /* UDStorage.swift in Sources */ = {isa = PBXBuildFile; fileRef = F05D2C5A2976106A001284E3 /* UDStorage.swift */; };
		F05D2C702976106A001284E3 /* DefaultsManager.swift in Sources */ = {isa = PBXBuildFile; fileRef = F05D2C5B2976106A001284E3 /* DefaultsManager.swift */; };
		F05D2C712976106A001284E3 /* Endpoints.swift in Sources */ = {isa = PBXBuildFile; fileRef = F05D2C5F2976106A001284E3 /* Endpoints.swift */; };
		F05D2C722976106A001284E3 /* Servers.swift in Sources */ = {isa = PBXBuildFile; fileRef = F05D2C612976106A001284E3 /* Servers.swift */; };
		F05D2C732976106A001284E3 /* Router.swift in Sources */ = {isa = PBXBuildFile; fileRef = F05D2C642976106A001284E3 /* Router.swift */; };
		F05D2C742976106A001284E3 /* BaseCoordinator.swift in Sources */ = {isa = PBXBuildFile; fileRef = F05D2C652976106A001284E3 /* BaseCoordinator.swift */; };
		F05D2C752976106A001284E3 /* ModuleFactory.swift in Sources */ = {isa = PBXBuildFile; fileRef = F05D2C672976106A001284E3 /* ModuleFactory.swift */; };
		F05D2C762976106A001284E3 /* CoordinatorFactory.swift in Sources */ = {isa = PBXBuildFile; fileRef = F05D2C682976106A001284E3 /* CoordinatorFactory.swift */; };
		F05D2C782976106A001284E3 /* RequestBuilder.swift in Sources */ = {isa = PBXBuildFile; fileRef = F05D2C6C2976106A001284E3 /* RequestBuilder.swift */; };
		F05D2C792976106A001284E3 /* UIVc+Preview.swift in Sources */ = {isa = PBXBuildFile; fileRef = F05D2C6E2976106A001284E3 /* UIVc+Preview.swift */; };
		F05D2CB0297610DD001284E3 /* AppColors.swift in Sources */ = {isa = PBXBuildFile; fileRef = F05D2CA5297610DC001284E3 /* AppColors.swift */; };
		F05D2CB1297610DD001284E3 /* ext Uicolor.swift in Sources */ = {isa = PBXBuildFile; fileRef = F05D2CA7297610DC001284E3 /* ext Uicolor.swift */; };
		F05D2CB2297610DD001284E3 /* String + Exct.swift in Sources */ = {isa = PBXBuildFile; fileRef = F05D2CA8297610DC001284E3 /* String + Exct.swift */; };
		F05D2CB3297610DD001284E3 /* extens. UserDefaults.swift in Sources */ = {isa = PBXBuildFile; fileRef = F05D2CA9297610DC001284E3 /* extens. UserDefaults.swift */; };
		F05D2CB5297610DD001284E3 /* Button + Publisher.swift in Sources */ = {isa = PBXBuildFile; fileRef = F05D2CAC297610DC001284E3 /* Button + Publisher.swift */; };
		F05D2CB6297610DD001284E3 /* UIColorHex.swift in Sources */ = {isa = PBXBuildFile; fileRef = F05D2CAD297610DC001284E3 /* UIColorHex.swift */; };
		F05D2CB7297610DD001284E3 /* UIContol + Publisher.swift in Sources */ = {isa = PBXBuildFile; fileRef = F05D2CAE297610DC001284E3 /* UIContol + Publisher.swift */; };
		F05D2CB8297610DD001284E3 /* AppFonts.swift in Sources */ = {isa = PBXBuildFile; fileRef = F05D2CAF297610DC001284E3 /* AppFonts.swift */; };
		F05D2CBC29761282001284E3 /* SnapKit in Frameworks */ = {isa = PBXBuildFile; productRef = F05D2CBB29761282001284E3 /* SnapKit */; };
		F05D2CBF29761295001284E3 /* CodableGeoJSON in Frameworks */ = {isa = PBXBuildFile; productRef = F05D2CBE29761295001284E3 /* CodableGeoJSON */; };
		F092E0562976FD400060D25D /* UserDefaultsStorage.swift in Sources */ = {isa = PBXBuildFile; fileRef = F092E0552976FD400060D25D /* UserDefaultsStorage.swift */; };
		F092E05D297753380060D25D /* extHyperLink.swift in Sources */ = {isa = PBXBuildFile; fileRef = F092E05C297753380060D25D /* extHyperLink.swift */; };
		F092E05F297757910060D25D /* extGesture.swift in Sources */ = {isa = PBXBuildFile; fileRef = F092E05E297757910060D25D /* extGesture.swift */; };
		F0B3C6F92978766800738585 /* Montserrat-Bold.ttf in Resources */ = {isa = PBXBuildFile; fileRef = F0B3C6F229786B7300738585 /* Montserrat-Bold.ttf */; };
		F0B3C6FA2978766A00738585 /* Montserrat-ExtraBold.ttf in Resources */ = {isa = PBXBuildFile; fileRef = F0B3C6F529786B9700738585 /* Montserrat-ExtraBold.ttf */; };
		F0B3C6FB2978766D00738585 /* Montserrat-Regular.ttf in Resources */ = {isa = PBXBuildFile; fileRef = F0B3C6F329786B8500738585 /* Montserrat-Regular.ttf */; };
		F0B3C6FC2978766F00738585 /* Montserrat-Medium.ttf in Resources */ = {isa = PBXBuildFile; fileRef = F0B3C6F429786B8D00738585 /* Montserrat-Medium.ttf */; };
		F0B3C6FD2978767200738585 /* MarkPro-Regular.ttf in Resources */ = {isa = PBXBuildFile; fileRef = F05D2CA2297610C4001284E3 /* MarkPro-Regular.ttf */; };
		F0B3C6FE2978767400738585 /* MarkPro-Medium.ttf in Resources */ = {isa = PBXBuildFile; fileRef = F05D2CA0297610C4001284E3 /* MarkPro-Medium.ttf */; };
		F0B3C6FF2978767600738585 /* MarkPro-Heavy.ttf in Resources */ = {isa = PBXBuildFile; fileRef = F05D2CA3297610C4001284E3 /* MarkPro-Heavy.ttf */; };
		F0B3C7002978767900738585 /* MarkPro-Bold.ttf in Resources */ = {isa = PBXBuildFile; fileRef = F05D2CA1297610C4001284E3 /* MarkPro-Bold.ttf */; };
		F0B3C7032978804D00738585 /* Montserrat-Black.ttf in Resources */ = {isa = PBXBuildFile; fileRef = F0B3C7022978804D00738585 /* Montserrat-Black.ttf */; };
		F0F91806297C7245000ADFF2 /* SwiftyUserDefaults in Frameworks */ = {isa = PBXBuildFile; productRef = F0F91805297C7245000ADFF2 /* SwiftyUserDefaults */; };
		F0F91808297C78AF000ADFF2 /* KeychainSwift in Frameworks */ = {isa = PBXBuildFile; productRef = F0F91807297C78AF000ADFF2 /* KeychainSwift */; };
/* End PBXBuildFile section */

/* Begin PBXFileReference section */
		15FAD385EF6E2CC8667768C0 /* Pods-SBProject.release.xcconfig */ = {isa = PBXFileReference; includeInIndex = 1; lastKnownFileType = text.xcconfig; name = "Pods-SBProject.release.xcconfig"; path = "Target Support Files/Pods-SBProject/Pods-SBProject.release.xcconfig"; sourceTree = "<group>"; };
		161D0B7283339C9E61D9ECD6 /* Pods-SBProject.debug.xcconfig */ = {isa = PBXFileReference; includeInIndex = 1; lastKnownFileType = text.xcconfig; name = "Pods-SBProject.debug.xcconfig"; path = "Target Support Files/Pods-SBProject/Pods-SBProject.debug.xcconfig"; sourceTree = "<group>"; };
		2A30DED332019FD1DD02B1EB /* Pods_SBProject.framework */ = {isa = PBXFileReference; explicitFileType = wrapper.framework; includeInIndex = 0; path = Pods_SBProject.framework; sourceTree = BUILT_PRODUCTS_DIR; };
		F046982529797BA600AF474E /* UIViewControllerExt.swift */ = {isa = PBXFileReference; fileEncoding = 4; lastKnownFileType = sourcecode.swift; path = UIViewControllerExt.swift; sourceTree = "<group>"; };
		F046984F297AF6D700AF474E /* Constants.swift */ = {isa = PBXFileReference; fileEncoding = 4; lastKnownFileType = sourcecode.swift; path = Constants.swift; sourceTree = "<group>"; };
		F0469851297AF6D700AF474E /* NetworkProviderProtocol.swift */ = {isa = PBXFileReference; fileEncoding = 4; lastKnownFileType = sourcecode.swift; path = NetworkProviderProtocol.swift; sourceTree = "<group>"; };
		F0469852297AF6D700AF474E /* NetworkSessionProvider.swift */ = {isa = PBXFileReference; fileEncoding = 4; lastKnownFileType = sourcecode.swift; path = NetworkSessionProvider.swift; sourceTree = "<group>"; };
		F0469853297AF6D700AF474E /* RestAuthInterceptor.swift */ = {isa = PBXFileReference; fileEncoding = 4; lastKnownFileType = sourcecode.swift; path = RestAuthInterceptor.swift; sourceTree = "<group>"; };
		F0469855297AF6D700AF474E /* HTTPMethod.swift */ = {isa = PBXFileReference; fileEncoding = 4; lastKnownFileType = sourcecode.swift; path = HTTPMethod.swift; sourceTree = "<group>"; };
		F0469856297AF6D700AF474E /* HTTPHeaders.swift */ = {isa = PBXFileReference; fileEncoding = 4; lastKnownFileType = sourcecode.swift; path = HTTPHeaders.swift; sourceTree = "<group>"; };
		F0469857297AF6D700AF474E /* AuthType.swift */ = {isa = PBXFileReference; fileEncoding = 4; lastKnownFileType = sourcecode.swift; path = AuthType.swift; sourceTree = "<group>"; };
		F0469859297AF6D700AF474E /* URLRequest+.swift */ = {isa = PBXFileReference; fileEncoding = 4; lastKnownFileType = sourcecode.swift; path = "URLRequest+.swift"; sourceTree = "<group>"; };
		F046985A297AF6D700AF474E /* CharacterSet+.swift */ = {isa = PBXFileReference; fileEncoding = 4; lastKnownFileType = sourcecode.swift; path = "CharacterSet+.swift"; sourceTree = "<group>"; };
		F046985B297AF6D700AF474E /* NCRESTError.swift */ = {isa = PBXFileReference; fileEncoding = 4; lastKnownFileType = sourcecode.swift; path = NCRESTError.swift; sourceTree = "<group>"; };
		F046985D297AF6D700AF474E /* ParameterEncoding.swift */ = {isa = PBXFileReference; fileEncoding = 4; lastKnownFileType = sourcecode.swift; path = ParameterEncoding.swift; sourceTree = "<group>"; };
		F046985E297AF6D700AF474E /* URLRequestConvertible + URLConvertible.swift */ = {isa = PBXFileReference; fileEncoding = 4; lastKnownFileType = sourcecode.swift; path = "URLRequestConvertible + URLConvertible.swift"; sourceTree = "<group>"; };
		F046985F297AF6D700AF474E /* RestEndpoint.swift */ = {isa = PBXFileReference; fileEncoding = 4; lastKnownFileType = sourcecode.swift; path = RestEndpoint.swift; sourceTree = "<group>"; };
		F0469861297AF6D700AF474E /* Server.swift */ = {isa = PBXFileReference; fileEncoding = 4; lastKnownFileType = sourcecode.swift; path = Server.swift; sourceTree = "<group>"; };
		F0469862297AF6D700AF474E /* Scheme.swift */ = {isa = PBXFileReference; fileEncoding = 4; lastKnownFileType = sourcecode.swift; path = Scheme.swift; sourceTree = "<group>"; };
		F0469872297AF73000AF474E /* DIContainer.swift */ = {isa = PBXFileReference; fileEncoding = 4; lastKnownFileType = sourcecode.swift; path = DIContainer.swift; sourceTree = "<group>"; };
		F046989E297AF9CB00AF474E /* MainEntitie.swift */ = {isa = PBXFileReference; fileEncoding = 4; lastKnownFileType = sourcecode.swift; path = MainEntitie.swift; sourceTree = "<group>"; };
		F046989F297AF9CC00AF474E /* ProductEntitie.swift */ = {isa = PBXFileReference; fileEncoding = 4; lastKnownFileType = sourcecode.swift; path = ProductEntitie.swift; sourceTree = "<group>"; };
		F04698A0297AF9CC00AF474E /* CountryEntitie.swift */ = {isa = PBXFileReference; fileEncoding = 4; lastKnownFileType = sourcecode.swift; path = CountryEntitie.swift; sourceTree = "<group>"; };
		F04698A1297AF9CC00AF474E /* BasketEntitie.swift */ = {isa = PBXFileReference; fileEncoding = 4; lastKnownFileType = sourcecode.swift; path = BasketEntitie.swift; sourceTree = "<group>"; };
		F04698A2297AF9CC00AF474E /* SportStadium.swift */ = {isa = PBXFileReference; fileEncoding = 4; lastKnownFileType = sourcecode.swift; path = SportStadium.swift; sourceTree = "<group>"; };
		F04698A3297AF9CC00AF474E /* HelperEntitie.swift */ = {isa = PBXFileReference; fileEncoding = 4; lastKnownFileType = sourcecode.swift; path = HelperEntitie.swift; sourceTree = "<group>"; };
		F04698AA297AF9EC00AF474E /* GeoPlaces.swift */ = {isa = PBXFileReference; fileEncoding = 4; lastKnownFileType = sourcecode.swift; path = GeoPlaces.swift; sourceTree = "<group>"; };
		F04698AB297AF9EC00AF474E /* GeoFilter.swift */ = {isa = PBXFileReference; fileEncoding = 4; lastKnownFileType = sourcecode.swift; path = GeoFilter.swift; sourceTree = "<group>"; };
		F04698AC297AF9EC00AF474E /* GeoApiKey.swift */ = {isa = PBXFileReference; fileEncoding = 4; lastKnownFileType = sourcecode.swift; path = GeoApiKey.swift; sourceTree = "<group>"; };
		F04698AD297AF9ED00AF474E /* GeoProperties.swift */ = {isa = PBXFileReference; fileEncoding = 4; lastKnownFileType = sourcecode.swift; path = GeoProperties.swift; sourceTree = "<group>"; };
		F04698B2297AFA1D00AF474E /* GeoService.swift */ = {isa = PBXFileReference; fileEncoding = 4; lastKnownFileType = sourcecode.swift; path = GeoService.swift; sourceTree = "<group>"; };
		F04698B3297AFA1D00AF474E /* CountryService.swift */ = {isa = PBXFileReference; fileEncoding = 4; lastKnownFileType = sourcecode.swift; path = CountryService.swift; sourceTree = "<group>"; };
		F04698B4297AFA1E00AF474E /* LocalDataSevrice.swift */ = {isa = PBXFileReference; fileEncoding = 4; lastKnownFileType = sourcecode.swift; path = LocalDataSevrice.swift; sourceTree = "<group>"; };
		F04698B5297AFA1E00AF474E /* DeviceLocationService.swift */ = {isa = PBXFileReference; fileEncoding = 4; lastKnownFileType = sourcecode.swift; path = DeviceLocationService.swift; sourceTree = "<group>"; };
		F04698B6297AFA1E00AF474E /* HelperService.swift */ = {isa = PBXFileReference; fileEncoding = 4; lastKnownFileType = sourcecode.swift; path = HelperService.swift; sourceTree = "<group>"; };
		F04698BE297B018F00AF474E /* MockData.swift */ = {isa = PBXFileReference; fileEncoding = 4; lastKnownFileType = sourcecode.swift; path = MockData.swift; sourceTree = "<group>"; };
		F04698C1297B01FD00AF474E /* SecureStorage.swift */ = {isa = PBXFileReference; fileEncoding = 4; lastKnownFileType = sourcecode.swift; path = SecureStorage.swift; sourceTree = "<group>"; };
		F04698C3297B020900AF474E /* AppInfoService.swift */ = {isa = PBXFileReference; fileEncoding = 4; lastKnownFileType = sourcecode.swift; path = AppInfoService.swift; sourceTree = "<group>"; };
		F05D2BFF29760E9B001284E3 /* SBProject.app */ = {isa = PBXFileReference; explicitFileType = wrapper.application; includeInIndex = 0; path = SBProject.app; sourceTree = BUILT_PRODUCTS_DIR; };
		F05D2C0229760E9B001284E3 /* AppDelegate.swift */ = {isa = PBXFileReference; lastKnownFileType = sourcecode.swift; path = AppDelegate.swift; sourceTree = "<group>"; };
		F05D2C0429760E9B001284E3 /* SceneDelegate.swift */ = {isa = PBXFileReference; lastKnownFileType = sourcecode.swift; path = SceneDelegate.swift; sourceTree = "<group>"; };
		F05D2C0929760E9B001284E3 /* Base */ = {isa = PBXFileReference; lastKnownFileType = file.storyboard; name = Base; path = Base.lproj/Main.storyboard; sourceTree = "<group>"; };
		F05D2C0B29760E9D001284E3 /* Assets.xcassets */ = {isa = PBXFileReference; lastKnownFileType = folder.assetcatalog; path = Assets.xcassets; sourceTree = "<group>"; };
		F05D2C0E29760E9D001284E3 /* Base */ = {isa = PBXFileReference; lastKnownFileType = file.storyboard; name = Base; path = Base.lproj/LaunchScreen.storyboard; sourceTree = "<group>"; };
		F05D2C1029760E9D001284E3 /* Info.plist */ = {isa = PBXFileReference; lastKnownFileType = text.plist.xml; path = Info.plist; sourceTree = "<group>"; };
		F05D2C162976101E001284E3 /* AppCoordinator.swift */ = {isa = PBXFileReference; fileEncoding = 4; lastKnownFileType = sourcecode.swift; path = AppCoordinator.swift; sourceTree = "<group>"; };
		F05D2C1A2976103C001284E3 /* SettingsViewController.swift */ = {isa = PBXFileReference; fileEncoding = 4; lastKnownFileType = sourcecode.swift; path = SettingsViewController.swift; sourceTree = "<group>"; };
		F05D2C1C2976103C001284E3 /* WKWebViewController.swift */ = {isa = PBXFileReference; fileEncoding = 4; lastKnownFileType = sourcecode.swift; path = WKWebViewController.swift; sourceTree = "<group>"; };
		F05D2C1E2976103C001284E3 /* QuestionViewController.swift */ = {isa = PBXFileReference; fileEncoding = 4; lastKnownFileType = sourcecode.swift; path = QuestionViewController.swift; sourceTree = "<group>"; };
		F05D2C202976103C001284E3 /* AppLaunchWayViewController.swift */ = {isa = PBXFileReference; fileEncoding = 4; lastKnownFileType = sourcecode.swift; path = AppLaunchWayViewController.swift; sourceTree = "<group>"; };
		F05D2C212976103C001284E3 /* AppLaunchWayViewModel.swift */ = {isa = PBXFileReference; fileEncoding = 4; lastKnownFileType = sourcecode.swift; path = AppLaunchWayViewModel.swift; sourceTree = "<group>"; };
		F05D2C232976103C001284E3 /* FinalViewController.swift */ = {isa = PBXFileReference; fileEncoding = 4; lastKnownFileType = sourcecode.swift; path = FinalViewController.swift; sourceTree = "<group>"; };
		F05D2C252976103C001284E3 /* AskPermisionsVC.swift */ = {isa = PBXFileReference; fileEncoding = 4; lastKnownFileType = sourcecode.swift; path = AskPermisionsVC.swift; sourceTree = "<group>"; };
		F05D2C272976103C001284E3 /* Manager.swift */ = {isa = PBXFileReference; fileEncoding = 4; lastKnownFileType = sourcecode.swift; path = Manager.swift; sourceTree = "<group>"; };
		F05D2C282976103C001284E3 /* MainCollectionViewCell.swift */ = {isa = PBXFileReference; fileEncoding = 4; lastKnownFileType = sourcecode.swift; path = MainCollectionViewCell.swift; sourceTree = "<group>"; };
		F05D2C292976103C001284E3 /* MainViewController.swift */ = {isa = PBXFileReference; fileEncoding = 4; lastKnownFileType = sourcecode.swift; path = MainViewController.swift; sourceTree = "<group>"; };
		F05D2C2A2976103C001284E3 /* Question.swift */ = {isa = PBXFileReference; fileEncoding = 4; lastKnownFileType = sourcecode.swift; path = Question.swift; sourceTree = "<group>"; };
		F05D2C2B2976103C001284E3 /* MainCoordinator.swift */ = {isa = PBXFileReference; fileEncoding = 4; lastKnownFileType = sourcecode.swift; path = MainCoordinator.swift; sourceTree = "<group>"; };
		F05D2C5A2976106A001284E3 /* UDStorage.swift */ = {isa = PBXFileReference; fileEncoding = 4; lastKnownFileType = sourcecode.swift; path = UDStorage.swift; sourceTree = "<group>"; };
		F05D2C5B2976106A001284E3 /* DefaultsManager.swift */ = {isa = PBXFileReference; fileEncoding = 4; lastKnownFileType = sourcecode.swift; path = DefaultsManager.swift; sourceTree = "<group>"; };
		F05D2C5F2976106A001284E3 /* Endpoints.swift */ = {isa = PBXFileReference; fileEncoding = 4; lastKnownFileType = sourcecode.swift; path = Endpoints.swift; sourceTree = "<group>"; };
		F05D2C612976106A001284E3 /* Servers.swift */ = {isa = PBXFileReference; fileEncoding = 4; lastKnownFileType = sourcecode.swift; path = Servers.swift; sourceTree = "<group>"; };
		F05D2C642976106A001284E3 /* Router.swift */ = {isa = PBXFileReference; fileEncoding = 4; lastKnownFileType = sourcecode.swift; path = Router.swift; sourceTree = "<group>"; };
		F05D2C652976106A001284E3 /* BaseCoordinator.swift */ = {isa = PBXFileReference; fileEncoding = 4; lastKnownFileType = sourcecode.swift; path = BaseCoordinator.swift; sourceTree = "<group>"; };
		F05D2C672976106A001284E3 /* ModuleFactory.swift */ = {isa = PBXFileReference; fileEncoding = 4; lastKnownFileType = sourcecode.swift; path = ModuleFactory.swift; sourceTree = "<group>"; };
		F05D2C682976106A001284E3 /* CoordinatorFactory.swift */ = {isa = PBXFileReference; fileEncoding = 4; lastKnownFileType = sourcecode.swift; path = CoordinatorFactory.swift; sourceTree = "<group>"; };
		F05D2C6C2976106A001284E3 /* RequestBuilder.swift */ = {isa = PBXFileReference; fileEncoding = 4; lastKnownFileType = sourcecode.swift; path = RequestBuilder.swift; sourceTree = "<group>"; };
		F05D2C6E2976106A001284E3 /* UIVc+Preview.swift */ = {isa = PBXFileReference; fileEncoding = 4; lastKnownFileType = sourcecode.swift; path = "UIVc+Preview.swift"; sourceTree = "<group>"; };
		F05D2CA0297610C4001284E3 /* MarkPro-Medium.ttf */ = {isa = PBXFileReference; lastKnownFileType = file; path = "MarkPro-Medium.ttf"; sourceTree = "<group>"; };
		F05D2CA1297610C4001284E3 /* MarkPro-Bold.ttf */ = {isa = PBXFileReference; lastKnownFileType = file; path = "MarkPro-Bold.ttf"; sourceTree = "<group>"; };
		F05D2CA2297610C4001284E3 /* MarkPro-Regular.ttf */ = {isa = PBXFileReference; lastKnownFileType = file; path = "MarkPro-Regular.ttf"; sourceTree = "<group>"; };
		F05D2CA3297610C4001284E3 /* MarkPro-Heavy.ttf */ = {isa = PBXFileReference; lastKnownFileType = file; path = "MarkPro-Heavy.ttf"; sourceTree = "<group>"; };
		F05D2CA5297610DC001284E3 /* AppColors.swift */ = {isa = PBXFileReference; fileEncoding = 4; lastKnownFileType = sourcecode.swift; path = AppColors.swift; sourceTree = "<group>"; };
		F05D2CA7297610DC001284E3 /* ext Uicolor.swift */ = {isa = PBXFileReference; fileEncoding = 4; lastKnownFileType = sourcecode.swift; path = "ext Uicolor.swift"; sourceTree = "<group>"; };
		F05D2CA8297610DC001284E3 /* String + Exct.swift */ = {isa = PBXFileReference; fileEncoding = 4; lastKnownFileType = sourcecode.swift; path = "String + Exct.swift"; sourceTree = "<group>"; };
		F05D2CA9297610DC001284E3 /* extens. UserDefaults.swift */ = {isa = PBXFileReference; fileEncoding = 4; lastKnownFileType = sourcecode.swift; path = "extens. UserDefaults.swift"; sourceTree = "<group>"; };
		F05D2CAC297610DC001284E3 /* Button + Publisher.swift */ = {isa = PBXFileReference; fileEncoding = 4; lastKnownFileType = sourcecode.swift; path = "Button + Publisher.swift"; sourceTree = "<group>"; };
		F05D2CAD297610DC001284E3 /* UIColorHex.swift */ = {isa = PBXFileReference; fileEncoding = 4; lastKnownFileType = sourcecode.swift; path = UIColorHex.swift; sourceTree = "<group>"; };
		F05D2CAE297610DC001284E3 /* UIContol + Publisher.swift */ = {isa = PBXFileReference; fileEncoding = 4; lastKnownFileType = sourcecode.swift; path = "UIContol + Publisher.swift"; sourceTree = "<group>"; };
		F05D2CAF297610DC001284E3 /* AppFonts.swift */ = {isa = PBXFileReference; fileEncoding = 4; lastKnownFileType = sourcecode.swift; path = AppFonts.swift; sourceTree = "<group>"; };
		F05D2CC02976130A001284E3 /* SBProject.entitlements */ = {isa = PBXFileReference; lastKnownFileType = text.plist.entitlements; path = SBProject.entitlements; sourceTree = "<group>"; };
		F092E0552976FD400060D25D /* UserDefaultsStorage.swift */ = {isa = PBXFileReference; fileEncoding = 4; lastKnownFileType = sourcecode.swift; path = UserDefaultsStorage.swift; sourceTree = "<group>"; };
		F092E05C297753380060D25D /* extHyperLink.swift */ = {isa = PBXFileReference; lastKnownFileType = sourcecode.swift; path = extHyperLink.swift; sourceTree = "<group>"; };
		F092E05E297757910060D25D /* extGesture.swift */ = {isa = PBXFileReference; lastKnownFileType = sourcecode.swift; path = extGesture.swift; sourceTree = "<group>"; };
		F0B3C6F229786B7300738585 /* Montserrat-Bold.ttf */ = {isa = PBXFileReference; lastKnownFileType = file; path = "Montserrat-Bold.ttf"; sourceTree = "<group>"; };
		F0B3C6F329786B8500738585 /* Montserrat-Regular.ttf */ = {isa = PBXFileReference; lastKnownFileType = file; path = "Montserrat-Regular.ttf"; sourceTree = "<group>"; };
		F0B3C6F429786B8D00738585 /* Montserrat-Medium.ttf */ = {isa = PBXFileReference; lastKnownFileType = file; path = "Montserrat-Medium.ttf"; sourceTree = "<group>"; };
		F0B3C6F529786B9700738585 /* Montserrat-ExtraBold.ttf */ = {isa = PBXFileReference; lastKnownFileType = file; path = "Montserrat-ExtraBold.ttf"; sourceTree = "<group>"; };
		F0B3C7022978804D00738585 /* Montserrat-Black.ttf */ = {isa = PBXFileReference; lastKnownFileType = file; path = "Montserrat-Black.ttf"; sourceTree = "<group>"; };
/* End PBXFileReference section */

/* Begin PBXFrameworksBuildPhase section */
		F05D2BFC29760E9B001284E3 /* Frameworks */ = {
			isa = PBXFrameworksBuildPhase;
			buildActionMask = 2147483647;
			files = (
				F05D2CBC29761282001284E3 /* SnapKit in Frameworks */,
				F05D2CBF29761295001284E3 /* CodableGeoJSON in Frameworks */,
				F0F91808297C78AF000ADFF2 /* KeychainSwift in Frameworks */,
				4294565F83540FE2725BBBDB /* Pods_SBProject.framework in Frameworks */,
				F0F91806297C7245000ADFF2 /* SwiftyUserDefaults in Frameworks */,
			);
			runOnlyForDeploymentPostprocessing = 0;
		};
/* End PBXFrameworksBuildPhase section */

/* Begin PBXGroup section */
		8E37B693348D3EED33BEBC42 /* Pods */ = {
			isa = PBXGroup;
			children = (
				161D0B7283339C9E61D9ECD6 /* Pods-SBProject.debug.xcconfig */,
				15FAD385EF6E2CC8667768C0 /* Pods-SBProject.release.xcconfig */,
			);
			path = Pods;
			sourceTree = "<group>";
		};
		EEC35858485898AD7DA1EDBF /* Frameworks */ = {
			isa = PBXGroup;
			children = (
				2A30DED332019FD1DD02B1EB /* Pods_SBProject.framework */,
			);
			name = Frameworks;
			sourceTree = "<group>";
		};
		F046984D297AF6D700AF474E /* NetworkModule */ = {
			isa = PBXGroup;
			children = (
				F046984E297AF6D700AF474E /* Network */,
				F0469860297AF6D700AF474E /* Server */,
			);
			path = NetworkModule;
			sourceTree = "<group>";
		};
		F046984E297AF6D700AF474E /* Network */ = {
			isa = PBXGroup;
			children = (
				F046984F297AF6D700AF474E /* Constants.swift */,
				F0469850297AF6D700AF474E /* SessionProvider */,
				F0469854297AF6D700AF474E /* Enums */,
				F0469858297AF6D700AF474E /* Extensions */,
				F046985B297AF6D700AF474E /* NCRESTError.swift */,
				F046985C297AF6D700AF474E /* Protocols */,
			);
			path = Network;
			sourceTree = "<group>";
		};
		F0469850297AF6D700AF474E /* SessionProvider */ = {
			isa = PBXGroup;
			children = (
				F0469851297AF6D700AF474E /* NetworkProviderProtocol.swift */,
				F0469852297AF6D700AF474E /* NetworkSessionProvider.swift */,
				F0469853297AF6D700AF474E /* RestAuthInterceptor.swift */,
			);
			path = SessionProvider;
			sourceTree = "<group>";
		};
		F0469854297AF6D700AF474E /* Enums */ = {
			isa = PBXGroup;
			children = (
				F0469855297AF6D700AF474E /* HTTPMethod.swift */,
				F0469856297AF6D700AF474E /* HTTPHeaders.swift */,
				F0469857297AF6D700AF474E /* AuthType.swift */,
			);
			path = Enums;
			sourceTree = "<group>";
		};
		F0469858297AF6D700AF474E /* Extensions */ = {
			isa = PBXGroup;
			children = (
				F0469859297AF6D700AF474E /* URLRequest+.swift */,
				F046985A297AF6D700AF474E /* CharacterSet+.swift */,
			);
			path = Extensions;
			sourceTree = "<group>";
		};
		F046985C297AF6D700AF474E /* Protocols */ = {
			isa = PBXGroup;
			children = (
				F046985D297AF6D700AF474E /* ParameterEncoding.swift */,
				F046985E297AF6D700AF474E /* URLRequestConvertible + URLConvertible.swift */,
				F046985F297AF6D700AF474E /* RestEndpoint.swift */,
			);
			path = Protocols;
			sourceTree = "<group>";
		};
		F0469860297AF6D700AF474E /* Server */ = {
			isa = PBXGroup;
			children = (
				F0469861297AF6D700AF474E /* Server.swift */,
				F0469862297AF6D700AF474E /* Scheme.swift */,
			);
			path = Server;
			sourceTree = "<group>";
		};
		F0469874297AF87800AF474E /* Keychain */ = {
			isa = PBXGroup;
			children = (
				F04698C3297B020900AF474E /* AppInfoService.swift */,
				F04698C1297B01FD00AF474E /* SecureStorage.swift */,
			);
			path = Keychain;
			sourceTree = "<group>";
		};
		F04698BC297B018F00AF474E /* MockDataBase */ = {
			isa = PBXGroup;
			children = (
				F04698BE297B018F00AF474E /* MockData.swift */,
			);
			path = MockDataBase;
			sourceTree = "<group>";
		};
		F05D2BF629760E9B001284E3 = {
			isa = PBXGroup;
			children = (
				F05D2C0129760E9B001284E3 /* SBProject */,
				F05D2C0029760E9B001284E3 /* Products */,
				8E37B693348D3EED33BEBC42 /* Pods */,
				EEC35858485898AD7DA1EDBF /* Frameworks */,
			);
			sourceTree = "<group>";
		};
		F05D2C0029760E9B001284E3 /* Products */ = {
			isa = PBXGroup;
			children = (
				F05D2BFF29760E9B001284E3 /* SBProject.app */,
			);
			name = Products;
			sourceTree = "<group>";
		};
		F05D2C0129760E9B001284E3 /* SBProject */ = {
			isa = PBXGroup;
			children = (
				F05D2CC02976130A001284E3 /* SBProject.entitlements */,
				F05D2C0229760E9B001284E3 /* AppDelegate.swift */,
				F05D2C0429760E9B001284E3 /* SceneDelegate.swift */,
				F05D2C162976101E001284E3 /* AppCoordinator.swift */,
				F05D2C182976103C001284E3 /* Presentation layer */,
				F05D2C382976104B001284E3 /* Business Logic Layer */,
				F05D2C582976106A001284E3 /* Core layer */,
				F046984D297AF6D700AF474E /* NetworkModule */,
				F05D2C9F297610A6001284E3 /* SupportingFiles */,
				F05D2C1029760E9D001284E3 /* Info.plist */,
			);
			path = SBProject;
			sourceTree = "<group>";
		};
		F05D2C182976103C001284E3 /* Presentation layer */ = {
			isa = PBXGroup;
			children = (
				F05D2C1F2976103C001284E3 /* AppLaunchWay */,
				F05D2C242976103C001284E3 /* Permision */,
				F05D2C1B2976103C001284E3 /* WebView */,
				F05D2C262976103C001284E3 /* Main */,
				F05D2C1D2976103C001284E3 /* Question */,
				F05D2C222976103C001284E3 /* FinalScreen */,
				F05D2C192976103C001284E3 /* Settings */,
			);
			path = "Presentation layer";
			sourceTree = "<group>";
		};
		F05D2C192976103C001284E3 /* Settings */ = {
			isa = PBXGroup;
			children = (
				F05D2C1A2976103C001284E3 /* SettingsViewController.swift */,
			);
			path = Settings;
			sourceTree = "<group>";
		};
		F05D2C1B2976103C001284E3 /* WebView */ = {
			isa = PBXGroup;
			children = (
				F05D2C1C2976103C001284E3 /* WKWebViewController.swift */,
			);
			path = WebView;
			sourceTree = "<group>";
		};
		F05D2C1D2976103C001284E3 /* Question */ = {
			isa = PBXGroup;
			children = (
				F05D2C1E2976103C001284E3 /* QuestionViewController.swift */,
			);
			path = Question;
			sourceTree = "<group>";
		};
		F05D2C1F2976103C001284E3 /* AppLaunchWay */ = {
			isa = PBXGroup;
			children = (
				F05D2C202976103C001284E3 /* AppLaunchWayViewController.swift */,
				F05D2C212976103C001284E3 /* AppLaunchWayViewModel.swift */,
			);
			path = AppLaunchWay;
			sourceTree = "<group>";
		};
		F05D2C222976103C001284E3 /* FinalScreen */ = {
			isa = PBXGroup;
			children = (
				F05D2C232976103C001284E3 /* FinalViewController.swift */,
			);
			path = FinalScreen;
			sourceTree = "<group>";
		};
		F05D2C242976103C001284E3 /* Permision */ = {
			isa = PBXGroup;
			children = (
				F05D2C252976103C001284E3 /* AskPermisionsVC.swift */,
			);
			path = Permision;
			sourceTree = "<group>";
		};
		F05D2C262976103C001284E3 /* Main */ = {
			isa = PBXGroup;
			children = (
				F05D2C272976103C001284E3 /* Manager.swift */,
				F05D2C2A2976103C001284E3 /* Question.swift */,
				F05D2C282976103C001284E3 /* MainCollectionViewCell.swift */,
				F05D2C292976103C001284E3 /* MainViewController.swift */,
				F05D2C2B2976103C001284E3 /* MainCoordinator.swift */,
			);
			path = Main;
			sourceTree = "<group>";
		};
		F05D2C382976104B001284E3 /* Business Logic Layer */ = {
			isa = PBXGroup;
			children = (
				F04698BC297B018F00AF474E /* MockDataBase */,
				F05D2C392976104B001284E3 /* Services */,
				F05D2C3E2976104B001284E3 /* Entities */,
			);
			path = "Business Logic Layer";
			sourceTree = "<group>";
		};
		F05D2C392976104B001284E3 /* Services */ = {
			isa = PBXGroup;
			children = (
				F04698B3297AFA1D00AF474E /* CountryService.swift */,
				F04698B5297AFA1E00AF474E /* DeviceLocationService.swift */,
				F04698B2297AFA1D00AF474E /* GeoService.swift */,
				F04698B6297AFA1E00AF474E /* HelperService.swift */,
				F04698B4297AFA1E00AF474E /* LocalDataSevrice.swift */,
			);
			path = Services;
			sourceTree = "<group>";
		};
		F05D2C3E2976104B001284E3 /* Entities */ = {
			isa = PBXGroup;
			children = (
				F05D2C432976104C001284E3 /* Geo */,
				F04698A1297AF9CC00AF474E /* BasketEntitie.swift */,
				F04698A0297AF9CC00AF474E /* CountryEntitie.swift */,
				F04698A3297AF9CC00AF474E /* HelperEntitie.swift */,
				F046989E297AF9CB00AF474E /* MainEntitie.swift */,
				F046989F297AF9CC00AF474E /* ProductEntitie.swift */,
				F04698A2297AF9CC00AF474E /* SportStadium.swift */,
			);
			path = Entities;
			sourceTree = "<group>";
		};
		F05D2C432976104C001284E3 /* Geo */ = {
			isa = PBXGroup;
			children = (
				F04698AC297AF9EC00AF474E /* GeoApiKey.swift */,
				F04698AB297AF9EC00AF474E /* GeoFilter.swift */,
				F04698AA297AF9EC00AF474E /* GeoPlaces.swift */,
				F04698AD297AF9ED00AF474E /* GeoProperties.swift */,
			);
			path = Geo;
			sourceTree = "<group>";
		};
		F05D2C582976106A001284E3 /* Core layer */ = {
			isa = PBXGroup;
			children = (
				F0469874297AF87800AF474E /* Keychain */,
				F092E0502976FBD40060D25D /* CoreData */,
				F05D2C592976106A001284E3 /* UserDefaults */,
				F05D2C5D2976106A001284E3 /* Network */,
				F05D2C622976106A001284E3 /* Foundation */,
				F05D2C6D2976106A001284E3 /* Extensions */,
			);
			path = "Core layer";
			sourceTree = "<group>";
		};
		F05D2C592976106A001284E3 /* UserDefaults */ = {
			isa = PBXGroup;
			children = (
				F092E0552976FD400060D25D /* UserDefaultsStorage.swift */,
				F05D2C5A2976106A001284E3 /* UDStorage.swift */,
				F05D2C5B2976106A001284E3 /* DefaultsManager.swift */,
			);
			path = UserDefaults;
			sourceTree = "<group>";
		};
		F05D2C5D2976106A001284E3 /* Network */ = {
			isa = PBXGroup;
			children = (
				F05D2C5E2976106A001284E3 /* Endpoints */,
				F05D2C602976106A001284E3 /* Servers */,
			);
			path = Network;
			sourceTree = "<group>";
		};
		F05D2C5E2976106A001284E3 /* Endpoints */ = {
			isa = PBXGroup;
			children = (
				F05D2C5F2976106A001284E3 /* Endpoints.swift */,
			);
			path = Endpoints;
			sourceTree = "<group>";
		};
		F05D2C602976106A001284E3 /* Servers */ = {
			isa = PBXGroup;
			children = (
				F05D2C612976106A001284E3 /* Servers.swift */,
			);
			path = Servers;
			sourceTree = "<group>";
		};
		F05D2C622976106A001284E3 /* Foundation */ = {
			isa = PBXGroup;
			children = (
				F05D2C632976106A001284E3 /* Coordinator */,
				F05D2C692976106A001284E3 /* DI */,
				F05D2C6B2976106A001284E3 /* Builder */,
			);
			path = Foundation;
			sourceTree = "<group>";
		};
		F05D2C632976106A001284E3 /* Coordinator */ = {
			isa = PBXGroup;
			children = (
				F05D2C662976106A001284E3 /* Factory */,
				F05D2C642976106A001284E3 /* Router.swift */,
				F05D2C652976106A001284E3 /* BaseCoordinator.swift */,
			);
			path = Coordinator;
			sourceTree = "<group>";
		};
		F05D2C662976106A001284E3 /* Factory */ = {
			isa = PBXGroup;
			children = (
				F05D2C672976106A001284E3 /* ModuleFactory.swift */,
				F05D2C682976106A001284E3 /* CoordinatorFactory.swift */,
			);
			path = Factory;
			sourceTree = "<group>";
		};
		F05D2C692976106A001284E3 /* DI */ = {
			isa = PBXGroup;
			children = (
				F0469872297AF73000AF474E /* DIContainer.swift */,
			);
			path = DI;
			sourceTree = "<group>";
		};
		F05D2C6B2976106A001284E3 /* Builder */ = {
			isa = PBXGroup;
			children = (
				F05D2C6C2976106A001284E3 /* RequestBuilder.swift */,
			);
			path = Builder;
			sourceTree = "<group>";
		};
		F05D2C6D2976106A001284E3 /* Extensions */ = {
			isa = PBXGroup;
			children = (
				F05D2C6E2976106A001284E3 /* UIVc+Preview.swift */,
			);
			path = Extensions;
			sourceTree = "<group>";
		};
		F05D2C9F297610A6001284E3 /* SupportingFiles */ = {
			isa = PBXGroup;
			children = (
				F05D2CA4297610DC001284E3 /* Helpers */,
				F05D2C0D29760E9D001284E3 /* LaunchScreen.storyboard */,
				F05D2C0829760E9B001284E3 /* Main.storyboard */,
				F05D2C0B29760E9D001284E3 /* Assets.xcassets */,
			);
			path = SupportingFiles;
			sourceTree = "<group>";
		};
		F05D2CA4297610DC001284E3 /* Helpers */ = {
			isa = PBXGroup;
			children = (
				F05D2CA5297610DC001284E3 /* AppColors.swift */,
				F05D2CB9297610F4001284E3 /* Fonts */,
				F05D2CA6297610DC001284E3 /* Extensions */,
			);
			path = Helpers;
			sourceTree = "<group>";
		};
		F05D2CA6297610DC001284E3 /* Extensions */ = {
			isa = PBXGroup;
			children = (
				F046982529797BA600AF474E /* UIViewControllerExt.swift */,
				F05D2CA7297610DC001284E3 /* ext Uicolor.swift */,
				F05D2CA8297610DC001284E3 /* String + Exct.swift */,
				F05D2CA9297610DC001284E3 /* extens. UserDefaults.swift */,
				F05D2CAC297610DC001284E3 /* Button + Publisher.swift */,
				F05D2CAD297610DC001284E3 /* UIColorHex.swift */,
				F05D2CAE297610DC001284E3 /* UIContol + Publisher.swift */,
				F092E05C297753380060D25D /* extHyperLink.swift */,
				F092E05E297757910060D25D /* extGesture.swift */,
			);
			path = Extensions;
			sourceTree = "<group>";
		};
		F05D2CB9297610F4001284E3 /* Fonts */ = {
			isa = PBXGroup;
			children = (
				F05D2CAF297610DC001284E3 /* AppFonts.swift */,
				F05D2CA1297610C4001284E3 /* MarkPro-Bold.ttf */,
				F05D2CA3297610C4001284E3 /* MarkPro-Heavy.ttf */,
				F05D2CA0297610C4001284E3 /* MarkPro-Medium.ttf */,
				F05D2CA2297610C4001284E3 /* MarkPro-Regular.ttf */,
				F0B3C6F229786B7300738585 /* Montserrat-Bold.ttf */,
				F0B3C7022978804D00738585 /* Montserrat-Black.ttf */,
				F0B3C6F529786B9700738585 /* Montserrat-ExtraBold.ttf */,
				F0B3C6F329786B8500738585 /* Montserrat-Regular.ttf */,
				F0B3C6F429786B8D00738585 /* Montserrat-Medium.ttf */,
			);
			path = Fonts;
			sourceTree = "<group>";
		};
		F092E0502976FBD40060D25D /* CoreData */ = {
			isa = PBXGroup;
			children = (
			);
			path = CoreData;
			sourceTree = "<group>";
		};
/* End PBXGroup section */

/* Begin PBXNativeTarget section */
		F05D2BFE29760E9B001284E3 /* SBProject */ = {
			isa = PBXNativeTarget;
			buildConfigurationList = F05D2C1329760E9D001284E3 /* Build configuration list for PBXNativeTarget "SBProject" */;
			buildPhases = (
				E58AFAB85284E2A17F626242 /* [CP] Check Pods Manifest.lock */,
				F05D2BFB29760E9B001284E3 /* Sources */,
				F05D2BFC29760E9B001284E3 /* Frameworks */,
				F05D2BFD29760E9B001284E3 /* Resources */,
			);
			buildRules = (
			);
			dependencies = (
			);
			name = SBProject;
			packageProductDependencies = (
				F05D2CBB29761282001284E3 /* SnapKit */,
				F05D2CBE29761295001284E3 /* CodableGeoJSON */,
				F0F91805297C7245000ADFF2 /* SwiftyUserDefaults */,
				F0F91807297C78AF000ADFF2 /* KeychainSwift */,
			);
			productName = SBProject;
			productReference = F05D2BFF29760E9B001284E3 /* SBProject.app */;
			productType = "com.apple.product-type.application";
		};
/* End PBXNativeTarget section */

/* Begin PBXProject section */
		F05D2BF729760E9B001284E3 /* Project object */ = {
			isa = PBXProject;
			attributes = {
				BuildIndependentTargetsInParallel = 1;
				LastSwiftUpdateCheck = 1420;
				LastUpgradeCheck = 1420;
				TargetAttributes = {
					F05D2BFE29760E9B001284E3 = {
						CreatedOnToolsVersion = 14.2;
					};
				};
			};
			buildConfigurationList = F05D2BFA29760E9B001284E3 /* Build configuration list for PBXProject "SBProject" */;
			compatibilityVersion = "Xcode 14.0";
			developmentRegion = en;
			hasScannedForEncodings = 0;
			knownRegions = (
				en,
				Base,
			);
			mainGroup = F05D2BF629760E9B001284E3;
			packageReferences = (
				F05D2CBA29761282001284E3 /* XCRemoteSwiftPackageReference "SnapKit" */,
				F05D2CBD29761295001284E3 /* XCRemoteSwiftPackageReference "CodableGeoJSON" */,
				F060E3602976EFE800A402D0 /* XCRemoteSwiftPackageReference "keychain-swift" */,
				F0F91804297C7245000ADFF2 /* XCRemoteSwiftPackageReference "SwiftyUserDefaults" */,
			);
			productRefGroup = F05D2C0029760E9B001284E3 /* Products */;
			projectDirPath = "";
			projectRoot = "";
			targets = (
				F05D2BFE29760E9B001284E3 /* SBProject */,
			);
		};
/* End PBXProject section */

/* Begin PBXResourcesBuildPhase section */
		F05D2BFD29760E9B001284E3 /* Resources */ = {
			isa = PBXResourcesBuildPhase;
			buildActionMask = 2147483647;
			files = (
				F0B3C7002978767900738585 /* MarkPro-Bold.ttf in Resources */,
				F0B3C6FB2978766D00738585 /* Montserrat-Regular.ttf in Resources */,
				F0B3C6FA2978766A00738585 /* Montserrat-ExtraBold.ttf in Resources */,
				F0B3C6FE2978767400738585 /* MarkPro-Medium.ttf in Resources */,
				F0B3C6FF2978767600738585 /* MarkPro-Heavy.ttf in Resources */,
				F0B3C7032978804D00738585 /* Montserrat-Black.ttf in Resources */,
				F0B3C6FD2978767200738585 /* MarkPro-Regular.ttf in Resources */,
				F0B3C6F92978766800738585 /* Montserrat-Bold.ttf in Resources */,
				F0B3C6FC2978766F00738585 /* Montserrat-Medium.ttf in Resources */,
				F05D2C0F29760E9D001284E3 /* LaunchScreen.storyboard in Resources */,
				F05D2C0C29760E9D001284E3 /* Assets.xcassets in Resources */,
				F05D2C0A29760E9B001284E3 /* Main.storyboard in Resources */,
			);
			runOnlyForDeploymentPostprocessing = 0;
		};
/* End PBXResourcesBuildPhase section */

/* Begin PBXShellScriptBuildPhase section */
		E58AFAB85284E2A17F626242 /* [CP] Check Pods Manifest.lock */ = {
			isa = PBXShellScriptBuildPhase;
			buildActionMask = 2147483647;
			files = (
			);
			inputFileListPaths = (
			);
			inputPaths = (
				"${PODS_PODFILE_DIR_PATH}/Podfile.lock",
				"${PODS_ROOT}/Manifest.lock",
			);
			name = "[CP] Check Pods Manifest.lock";
			outputFileListPaths = (
			);
			outputPaths = (
				"$(DERIVED_FILE_DIR)/Pods-SBProject-checkManifestLockResult.txt",
			);
			runOnlyForDeploymentPostprocessing = 0;
			shellPath = /bin/sh;
			shellScript = "diff \"${PODS_PODFILE_DIR_PATH}/Podfile.lock\" \"${PODS_ROOT}/Manifest.lock\" > /dev/null\nif [ $? != 0 ] ; then\n    # print error to STDERR\n    echo \"error: The sandbox is not in sync with the Podfile.lock. Run 'pod install' or update your CocoaPods installation.\" >&2\n    exit 1\nfi\n# This output is used by Xcode 'outputs' to avoid re-running this script phase.\necho \"SUCCESS\" > \"${SCRIPT_OUTPUT_FILE_0}\"\n";
			showEnvVarsInLog = 0;
		};
/* End PBXShellScriptBuildPhase section */

/* Begin PBXSourcesBuildPhase section */
		F05D2BFB29760E9B001284E3 /* Sources */ = {
			isa = PBXSourcesBuildPhase;
			buildActionMask = 2147483647;
			files = (
				F046982629797BA600AF474E /* UIViewControllerExt.swift in Sources */,
				F04698A6297AF9CC00AF474E /* CountryEntitie.swift in Sources */,
				F092E05F297757910060D25D /* extGesture.swift in Sources */,
				F0469868297AF6D700AF474E /* HTTPHeaders.swift in Sources */,
				F05D2C2D2976103C001284E3 /* WKWebViewController.swift in Sources */,
				F05D2C702976106A001284E3 /* DefaultsManager.swift in Sources */,
				F05D2C782976106A001284E3 /* RequestBuilder.swift in Sources */,
				F04698B0297AF9ED00AF474E /* GeoApiKey.swift in Sources */,
				F05D2C352976103C001284E3 /* MainViewController.swift in Sources */,
				F04698B9297AFA1E00AF474E /* LocalDataSevrice.swift in Sources */,
				F05D2C312976103C001284E3 /* FinalViewController.swift in Sources */,
				F04698B7297AFA1E00AF474E /* GeoService.swift in Sources */,
				F04698BA297AFA1E00AF474E /* DeviceLocationService.swift in Sources */,
				F0469866297AF6D700AF474E /* RestAuthInterceptor.swift in Sources */,
				F046986B297AF6D700AF474E /* CharacterSet+.swift in Sources */,
				F0469867297AF6D700AF474E /* HTTPMethod.swift in Sources */,
				F046986C297AF6D700AF474E /* NCRESTError.swift in Sources */,
				F0469869297AF6D700AF474E /* AuthType.swift in Sources */,
				F04698B1297AF9ED00AF474E /* GeoProperties.swift in Sources */,
				F0469864297AF6D700AF474E /* NetworkProviderProtocol.swift in Sources */,
				F05D2C2E2976103C001284E3 /* QuestionViewController.swift in Sources */,
				F05D2CB3297610DD001284E3 /* extens. UserDefaults.swift in Sources */,
				F0469873297AF73000AF474E /* DIContainer.swift in Sources */,
				F05D2C732976106A001284E3 /* Router.swift in Sources */,
				F05D2C172976101E001284E3 /* AppCoordinator.swift in Sources */,
				F05D2C362976103C001284E3 /* Question.swift in Sources */,
				F05D2CB2297610DD001284E3 /* String + Exct.swift in Sources */,
				F05D2CB8297610DD001284E3 /* AppFonts.swift in Sources */,
				F05D2CB1297610DD001284E3 /* ext Uicolor.swift in Sources */,
				F05D2C0329760E9B001284E3 /* AppDelegate.swift in Sources */,
				F046986A297AF6D700AF474E /* URLRequest+.swift in Sources */,
				F04698C0297B019000AF474E /* MockData.swift in Sources */,
				F05D2C322976103C001284E3 /* AskPermisionsVC.swift in Sources */,
				F05D2C0529760E9B001284E3 /* SceneDelegate.swift in Sources */,
				F046986D297AF6D700AF474E /* ParameterEncoding.swift in Sources */,
				F04698A5297AF9CC00AF474E /* ProductEntitie.swift in Sources */,
				F04698B8297AFA1E00AF474E /* CountryService.swift in Sources */,
				F04698A8297AF9CC00AF474E /* SportStadium.swift in Sources */,
				F05D2CB6297610DD001284E3 /* UIColorHex.swift in Sources */,
				F04698BB297AFA1E00AF474E /* HelperService.swift in Sources */,
				F05D2C342976103C001284E3 /* MainCollectionViewCell.swift in Sources */,
				F0469870297AF6D700AF474E /* Server.swift in Sources */,
				F05D2CB5297610DD001284E3 /* Button + Publisher.swift in Sources */,
				F05D2C2F2976103C001284E3 /* AppLaunchWayViewController.swift in Sources */,
				F05D2C332976103C001284E3 /* Manager.swift in Sources */,
				F05D2CB7297610DD001284E3 /* UIContol + Publisher.swift in Sources */,
				F05D2C762976106A001284E3 /* CoordinatorFactory.swift in Sources */,
				F04698A7297AF9CC00AF474E /* BasketEntitie.swift in Sources */,
				F04698A9297AF9CC00AF474E /* HelperEntitie.swift in Sources */,
				F046986E297AF6D700AF474E /* URLRequestConvertible + URLConvertible.swift in Sources */,
				F092E05D297753380060D25D /* extHyperLink.swift in Sources */,
				F0469871297AF6D700AF474E /* Scheme.swift in Sources */,
				F04698C2297B01FD00AF474E /* SecureStorage.swift in Sources */,
				F05D2C302976103C001284E3 /* AppLaunchWayViewModel.swift in Sources */,
				F092E0562976FD400060D25D /* UserDefaultsStorage.swift in Sources */,
				F04698AE297AF9ED00AF474E /* GeoPlaces.swift in Sources */,
				F05D2C742976106A001284E3 /* BaseCoordinator.swift in Sources */,
				F046986F297AF6D700AF474E /* RestEndpoint.swift in Sources */,
				F04698A4297AF9CC00AF474E /* MainEntitie.swift in Sources */,
				F05D2C752976106A001284E3 /* ModuleFactory.swift in Sources */,
				F05D2C722976106A001284E3 /* Servers.swift in Sources */,
				F05D2C372976103C001284E3 /* MainCoordinator.swift in Sources */,
				F04698AF297AF9ED00AF474E /* GeoFilter.swift in Sources */,
				F0469863297AF6D700AF474E /* Constants.swift in Sources */,
				F05D2C792976106A001284E3 /* UIVc+Preview.swift in Sources */,
				F05D2C6F2976106A001284E3 /* UDStorage.swift in Sources */,
				F05D2C2C2976103C001284E3 /* SettingsViewController.swift in Sources */,
				F05D2C712976106A001284E3 /* Endpoints.swift in Sources */,
				F05D2CB0297610DD001284E3 /* AppColors.swift in Sources */,
				F04698C4297B020A00AF474E /* AppInfoService.swift in Sources */,
				F0469865297AF6D700AF474E /* NetworkSessionProvider.swift in Sources */,
			);
			runOnlyForDeploymentPostprocessing = 0;
		};
/* End PBXSourcesBuildPhase section */

/* Begin PBXVariantGroup section */
		F05D2C0829760E9B001284E3 /* Main.storyboard */ = {
			isa = PBXVariantGroup;
			children = (
				F05D2C0929760E9B001284E3 /* Base */,
			);
			name = Main.storyboard;
			sourceTree = "<group>";
		};
		F05D2C0D29760E9D001284E3 /* LaunchScreen.storyboard */ = {
			isa = PBXVariantGroup;
			children = (
				F05D2C0E29760E9D001284E3 /* Base */,
			);
			name = LaunchScreen.storyboard;
			sourceTree = "<group>";
		};
/* End PBXVariantGroup section */

/* Begin XCBuildConfiguration section */
		F05D2C1129760E9D001284E3 /* Debug */ = {
			isa = XCBuildConfiguration;
			buildSettings = {
				ALWAYS_SEARCH_USER_PATHS = NO;
				CLANG_ANALYZER_NONNULL = YES;
				CLANG_ANALYZER_NUMBER_OBJECT_CONVERSION = YES_AGGRESSIVE;
				CLANG_CXX_LANGUAGE_STANDARD = "gnu++20";
				CLANG_ENABLE_MODULES = YES;
				CLANG_ENABLE_OBJC_ARC = YES;
				CLANG_ENABLE_OBJC_WEAK = YES;
				CLANG_WARN_BLOCK_CAPTURE_AUTORELEASING = YES;
				CLANG_WARN_BOOL_CONVERSION = YES;
				CLANG_WARN_COMMA = YES;
				CLANG_WARN_CONSTANT_CONVERSION = YES;
				CLANG_WARN_DEPRECATED_OBJC_IMPLEMENTATIONS = YES;
				CLANG_WARN_DIRECT_OBJC_ISA_USAGE = YES_ERROR;
				CLANG_WARN_DOCUMENTATION_COMMENTS = YES;
				CLANG_WARN_EMPTY_BODY = YES;
				CLANG_WARN_ENUM_CONVERSION = YES;
				CLANG_WARN_INFINITE_RECURSION = YES;
				CLANG_WARN_INT_CONVERSION = YES;
				CLANG_WARN_NON_LITERAL_NULL_CONVERSION = YES;
				CLANG_WARN_OBJC_IMPLICIT_RETAIN_SELF = YES;
				CLANG_WARN_OBJC_LITERAL_CONVERSION = YES;
				CLANG_WARN_OBJC_ROOT_CLASS = YES_ERROR;
				CLANG_WARN_QUOTED_INCLUDE_IN_FRAMEWORK_HEADER = YES;
				CLANG_WARN_RANGE_LOOP_ANALYSIS = YES;
				CLANG_WARN_STRICT_PROTOTYPES = YES;
				CLANG_WARN_SUSPICIOUS_MOVE = YES;
				CLANG_WARN_UNGUARDED_AVAILABILITY = YES_AGGRESSIVE;
				CLANG_WARN_UNREACHABLE_CODE = YES;
				CLANG_WARN__DUPLICATE_METHOD_MATCH = YES;
				COPY_PHASE_STRIP = NO;
				DEBUG_INFORMATION_FORMAT = dwarf;
				ENABLE_STRICT_OBJC_MSGSEND = YES;
				ENABLE_TESTABILITY = YES;
				GCC_C_LANGUAGE_STANDARD = gnu11;
				GCC_DYNAMIC_NO_PIC = NO;
				GCC_NO_COMMON_BLOCKS = YES;
				GCC_OPTIMIZATION_LEVEL = 0;
				GCC_PREPROCESSOR_DEFINITIONS = (
					"DEBUG=1",
					"$(inherited)",
				);
				GCC_WARN_64_TO_32_BIT_CONVERSION = YES;
				GCC_WARN_ABOUT_RETURN_TYPE = YES_ERROR;
				GCC_WARN_UNDECLARED_SELECTOR = YES;
				GCC_WARN_UNINITIALIZED_AUTOS = YES_AGGRESSIVE;
				GCC_WARN_UNUSED_FUNCTION = YES;
				GCC_WARN_UNUSED_VARIABLE = YES;
				IPHONEOS_DEPLOYMENT_TARGET = 14.1;
				MTL_ENABLE_DEBUG_INFO = INCLUDE_SOURCE;
				MTL_FAST_MATH = YES;
				ONLY_ACTIVE_ARCH = YES;
				SDKROOT = iphoneos;
				SWIFT_ACTIVE_COMPILATION_CONDITIONS = DEBUG;
				SWIFT_OPTIMIZATION_LEVEL = "-Onone";
			};
			name = Debug;
		};
		F05D2C1229760E9D001284E3 /* Release */ = {
			isa = XCBuildConfiguration;
			buildSettings = {
				ALWAYS_SEARCH_USER_PATHS = NO;
				CLANG_ANALYZER_NONNULL = YES;
				CLANG_ANALYZER_NUMBER_OBJECT_CONVERSION = YES_AGGRESSIVE;
				CLANG_CXX_LANGUAGE_STANDARD = "gnu++20";
				CLANG_ENABLE_MODULES = YES;
				CLANG_ENABLE_OBJC_ARC = YES;
				CLANG_ENABLE_OBJC_WEAK = YES;
				CLANG_WARN_BLOCK_CAPTURE_AUTORELEASING = YES;
				CLANG_WARN_BOOL_CONVERSION = YES;
				CLANG_WARN_COMMA = YES;
				CLANG_WARN_CONSTANT_CONVERSION = YES;
				CLANG_WARN_DEPRECATED_OBJC_IMPLEMENTATIONS = YES;
				CLANG_WARN_DIRECT_OBJC_ISA_USAGE = YES_ERROR;
				CLANG_WARN_DOCUMENTATION_COMMENTS = YES;
				CLANG_WARN_EMPTY_BODY = YES;
				CLANG_WARN_ENUM_CONVERSION = YES;
				CLANG_WARN_INFINITE_RECURSION = YES;
				CLANG_WARN_INT_CONVERSION = YES;
				CLANG_WARN_NON_LITERAL_NULL_CONVERSION = YES;
				CLANG_WARN_OBJC_IMPLICIT_RETAIN_SELF = YES;
				CLANG_WARN_OBJC_LITERAL_CONVERSION = YES;
				CLANG_WARN_OBJC_ROOT_CLASS = YES_ERROR;
				CLANG_WARN_QUOTED_INCLUDE_IN_FRAMEWORK_HEADER = YES;
				CLANG_WARN_RANGE_LOOP_ANALYSIS = YES;
				CLANG_WARN_STRICT_PROTOTYPES = YES;
				CLANG_WARN_SUSPICIOUS_MOVE = YES;
				CLANG_WARN_UNGUARDED_AVAILABILITY = YES_AGGRESSIVE;
				CLANG_WARN_UNREACHABLE_CODE = YES;
				CLANG_WARN__DUPLICATE_METHOD_MATCH = YES;
				COPY_PHASE_STRIP = NO;
				DEBUG_INFORMATION_FORMAT = "dwarf-with-dsym";
				ENABLE_NS_ASSERTIONS = NO;
				ENABLE_STRICT_OBJC_MSGSEND = YES;
				GCC_C_LANGUAGE_STANDARD = gnu11;
				GCC_NO_COMMON_BLOCKS = YES;
				GCC_WARN_64_TO_32_BIT_CONVERSION = YES;
				GCC_WARN_ABOUT_RETURN_TYPE = YES_ERROR;
				GCC_WARN_UNDECLARED_SELECTOR = YES;
				GCC_WARN_UNINITIALIZED_AUTOS = YES_AGGRESSIVE;
				GCC_WARN_UNUSED_FUNCTION = YES;
				GCC_WARN_UNUSED_VARIABLE = YES;
				IPHONEOS_DEPLOYMENT_TARGET = 14.1;
				MTL_ENABLE_DEBUG_INFO = NO;
				MTL_FAST_MATH = YES;
				SDKROOT = iphoneos;
				SWIFT_COMPILATION_MODE = wholemodule;
				SWIFT_OPTIMIZATION_LEVEL = "-O";
				VALIDATE_PRODUCT = YES;
			};
			name = Release;
		};
		F05D2C1429760E9D001284E3 /* Debug */ = {
			isa = XCBuildConfiguration;
			baseConfigurationReference = 161D0B7283339C9E61D9ECD6 /* Pods-SBProject.debug.xcconfig */;
			buildSettings = {
				ASSETCATALOG_COMPILER_APPICON_NAME = AppIcon;
				ASSETCATALOG_COMPILER_GLOBAL_ACCENT_COLOR_NAME = AccentColor;
				ASSETCATALOG_COMPILER_INCLUDE_ALL_APPICON_ASSETS = NO;
				CODE_SIGN_ENTITLEMENTS = SBProject/SBProject.entitlements;
				CODE_SIGN_STYLE = Automatic;
				CURRENT_PROJECT_VERSION = 1;
				DEVELOPMENT_TEAM = SW3B59K586;
				GENERATE_INFOPLIST_FILE = YES;
				INFOPLIST_FILE = SBProject/Info.plist;
				INFOPLIST_KEY_CFBundleDisplayName = SB;
				INFOPLIST_KEY_LSApplicationCategoryType = "public.app-category.entertainment";
				INFOPLIST_KEY_NSLocationWhenInUseUsageDescription = please;
				INFOPLIST_KEY_UIApplicationSupportsIndirectInputEvents = YES;
				INFOPLIST_KEY_UILaunchStoryboardName = LaunchScreen.storyboard;
				INFOPLIST_KEY_UIMainStoryboardFile = Main;
				INFOPLIST_KEY_UIStatusBarStyle = "";
				INFOPLIST_KEY_UISupportedInterfaceOrientations = UIInterfaceOrientationPortrait;
				INFOPLIST_KEY_UISupportedInterfaceOrientations_iPad = "UIInterfaceOrientationPortrait UIInterfaceOrientationPortraitUpsideDown";
				IPHONEOS_DEPLOYMENT_TARGET = 14.1;
				LD_RUNPATH_SEARCH_PATHS = (
					"$(inherited)",
					"@executable_path/Frameworks",
				);
				MARKETING_VERSION = 1.0;
				PRODUCT_BUNDLE_IDENTIFIER = com.SB.SBProject;
				PRODUCT_NAME = "$(TARGET_NAME)";
				SWIFT_EMIT_LOC_STRINGS = YES;
				SWIFT_VERSION = 5.0;
				TARGETED_DEVICE_FAMILY = "1,2";
			};
			name = Debug;
		};
		F05D2C1529760E9D001284E3 /* Release */ = {
			isa = XCBuildConfiguration;
			baseConfigurationReference = 15FAD385EF6E2CC8667768C0 /* Pods-SBProject.release.xcconfig */;
			buildSettings = {
				ASSETCATALOG_COMPILER_APPICON_NAME = AppIcon;
				ASSETCATALOG_COMPILER_GLOBAL_ACCENT_COLOR_NAME = AccentColor;
				ASSETCATALOG_COMPILER_INCLUDE_ALL_APPICON_ASSETS = NO;
				CODE_SIGN_ENTITLEMENTS = SBProject/SBProject.entitlements;
				CODE_SIGN_STYLE = Automatic;
				CURRENT_PROJECT_VERSION = 1;
				DEVELOPMENT_TEAM = SW3B59K586;
				GENERATE_INFOPLIST_FILE = YES;
				INFOPLIST_FILE = SBProject/Info.plist;
				INFOPLIST_KEY_CFBundleDisplayName = SB;
				INFOPLIST_KEY_LSApplicationCategoryType = "public.app-category.entertainment";
				INFOPLIST_KEY_NSLocationWhenInUseUsageDescription = please;
				INFOPLIST_KEY_UIApplicationSupportsIndirectInputEvents = YES;
				INFOPLIST_KEY_UILaunchStoryboardName = LaunchScreen.storyboard;
				INFOPLIST_KEY_UIMainStoryboardFile = Main;
				INFOPLIST_KEY_UIStatusBarStyle = "";
				INFOPLIST_KEY_UISupportedInterfaceOrientations = UIInterfaceOrientationPortrait;
				INFOPLIST_KEY_UISupportedInterfaceOrientations_iPad = "UIInterfaceOrientationPortrait UIInterfaceOrientationPortraitUpsideDown";
				IPHONEOS_DEPLOYMENT_TARGET = 14.1;
				LD_RUNPATH_SEARCH_PATHS = (
					"$(inherited)",
					"@executable_path/Frameworks",
				);
				MARKETING_VERSION = 1.0;
				PRODUCT_BUNDLE_IDENTIFIER = com.SB.SBProject;
				PRODUCT_NAME = "$(TARGET_NAME)";
				SWIFT_EMIT_LOC_STRINGS = YES;
				SWIFT_VERSION = 5.0;
				TARGETED_DEVICE_FAMILY = "1,2";
			};
			name = Release;
		};
/* End XCBuildConfiguration section */

/* Begin XCConfigurationList section */
		F05D2BFA29760E9B001284E3 /* Build configuration list for PBXProject "SBProject" */ = {
			isa = XCConfigurationList;
			buildConfigurations = (
				F05D2C1129760E9D001284E3 /* Debug */,
				F05D2C1229760E9D001284E3 /* Release */,
			);
			defaultConfigurationIsVisible = 0;
			defaultConfigurationName = Release;
		};
		F05D2C1329760E9D001284E3 /* Build configuration list for PBXNativeTarget "SBProject" */ = {
			isa = XCConfigurationList;
			buildConfigurations = (
				F05D2C1429760E9D001284E3 /* Debug */,
				F05D2C1529760E9D001284E3 /* Release */,
			);
			defaultConfigurationIsVisible = 0;
			defaultConfigurationName = Release;
		};
/* End XCConfigurationList section */

/* Begin XCRemoteSwiftPackageReference section */
		F05D2CBA29761282001284E3 /* XCRemoteSwiftPackageReference "SnapKit" */ = {
			isa = XCRemoteSwiftPackageReference;
			repositoryURL = "https://github.com/SnapKit/SnapKit.git";
			requirement = {
				branch = develop;
				kind = branch;
			};
		};
		F05D2CBD29761295001284E3 /* XCRemoteSwiftPackageReference "CodableGeoJSON" */ = {
			isa = XCRemoteSwiftPackageReference;
			repositoryURL = "https://github.com/guykogus/CodableGeoJSON.git";
			requirement = {
				branch = main;
				kind = branch;
			};
		};
		F060E3602976EFE800A402D0 /* XCRemoteSwiftPackageReference "keychain-swift" */ = {
			isa = XCRemoteSwiftPackageReference;
			repositoryURL = "https://github.com/evgenyneu/keychain-swift.git";
			requirement = {
				branch = master;
				kind = branch;
			};
		};
		F0F91804297C7245000ADFF2 /* XCRemoteSwiftPackageReference "SwiftyUserDefaults" */ = {
			isa = XCRemoteSwiftPackageReference;
			repositoryURL = "https://github.com/sunshinejr/SwiftyUserDefaults.git";
			requirement = {
				branch = master;
				kind = branch;
			};
		};
/* End XCRemoteSwiftPackageReference section */

/* Begin XCSwiftPackageProductDependency section */
		F05D2CBB29761282001284E3 /* SnapKit */ = {
			isa = XCSwiftPackageProductDependency;
			package = F05D2CBA29761282001284E3 /* XCRemoteSwiftPackageReference "SnapKit" */;
			productName = SnapKit;
		};
		F05D2CBE29761295001284E3 /* CodableGeoJSON */ = {
			isa = XCSwiftPackageProductDependency;
			package = F05D2CBD29761295001284E3 /* XCRemoteSwiftPackageReference "CodableGeoJSON" */;
			productName = CodableGeoJSON;
		};
		F0F91805297C7245000ADFF2 /* SwiftyUserDefaults */ = {
			isa = XCSwiftPackageProductDependency;
			package = F0F91804297C7245000ADFF2 /* XCRemoteSwiftPackageReference "SwiftyUserDefaults" */;
			productName = SwiftyUserDefaults;
		};
		F0F91807297C78AF000ADFF2 /* KeychainSwift */ = {
			isa = XCSwiftPackageProductDependency;
			package = F060E3602976EFE800A402D0 /* XCRemoteSwiftPackageReference "keychain-swift" */;
			productName = KeychainSwift;
		};
/* End XCSwiftPackageProductDependency section */
	};
	rootObject = F05D2BF729760E9B001284E3 /* Project object */;
}
